
Microsoft Visual Studio Solution File, Format Version 12.00
# Visual Studio Version 17
VisualStudioVersion = 17.14.36518.9
MinimumVisualStudioVersion = 10.0.40219.1
Project("{FAE04EC0-301F-11D3-BF4B-00C04F79EFBC}") = "LuanWebsite.WebAPI", "src\LuanWebsite.WebAPI\LuanWebsite.WebAPI.csproj", "{765419FD-0281-46E5-910C-0CC9A6D1C7C6}"
EndProject
Global
	GlobalSection(SolutionConfigurationPlatforms) = preSolution
		Debug|Any CPU = Debug|Any CPU
		Release|Any CPU = Release|Any CPU
	EndGlobalSection
	GlobalSection(ProjectConfigurationPlatforms) = postSolution
		{765419FD-0281-46E5-910C-0CC9A6D1C7C6}.Debug|Any CPU.ActiveCfg = Debug|Any CPU
		{765419FD-0281-46E5-910C-0CC9A6D1C7C6}.Debug|Any CPU.Build.0 = Debug|Any CPU
		{765419FD-0281-46E5-910C-0CC9A6D1C7C6}.Release|Any CPU.ActiveCfg = Release|Any CPU
		{765419FD-0281-46E5-910C-0CC9A6D1C7C6}.Release|Any CPU.Build.0 = Release|Any CPU
	EndGlobalSection
	GlobalSection(SolutionProperties) = preSolution
		HideSolutionNode = FALSE
	EndGlobalSection
	GlobalSection(ExtensibilityGlobals) = postSolution
		SolutionGuid = {CDB6B46C-3EA3-470E-A523-F1274EA319FE}
	EndGlobalSection
EndGlobal
